
Microsoft Visual Studio Solution File, Format Version 12.00
# Visual Studio 15
VisualStudioVersion = 15.0.27130.2010
MinimumVisualStudioVersion = 10.0.40219.1
Project("{FAE04EC0-301F-11D3-BF4B-00C04F79EFBC}") = "ToDoList", "ToDoList\ToDoList.csproj", "{C5270472-0DC6-4E6D-ADD4-2AFB4F7E7BDF}"
EndProject
Global
	GlobalSection(SolutionConfigurationPlatforms) = preSolution
		Debug|Any CPU = Debug|Any CPU
		Release|Any CPU = Release|Any CPU
	EndGlobalSection
	GlobalSection(ProjectConfigurationPlatforms) = postSolution
		{C5270472-0DC6-4E6D-ADD4-2AFB4F7E7BDF}.Debug|Any CPU.ActiveCfg = Debug|Any CPU
		{C5270472-0DC6-4E6D-ADD4-2AFB4F7E7BDF}.Debug|Any CPU.Build.0 = Debug|Any CPU
		{C5270472-0DC6-4E6D-ADD4-2AFB4F7E7BDF}.Debug|Any CPU.Deploy.0 = Debug|Any CPU
		{C5270472-0DC6-4E6D-ADD4-2AFB4F7E7BDF}.Release|Any CPU.ActiveCfg = Release|Any CPU
		{C5270472-0DC6-4E6D-ADD4-2AFB4F7E7BDF}.Release|Any CPU.Build.0 = Release|Any CPU
		{C5270472-0DC6-4E6D-ADD4-2AFB4F7E7BDF}.Release|Any CPU.Deploy.0 = Release|Any CPU
	EndGlobalSection
	GlobalSection(SolutionProperties) = preSolution
		HideSolutionNode = FALSE
	EndGlobalSection
	GlobalSection(ExtensibilityGlobals) = postSolution
		SolutionGuid = {5B91C463-75E1-4D82-BCDD-43CD421EBD0F}
	EndGlobalSection
EndGlobal
